
Microsoft Visual Studio Solution File, Format Version 12.00
# Visual Studio 2012
Project("{FAE04EC0-301F-11D3-BF4B-00C04F79EFBC}") = "XFLocationApp", "XFLocationApp\XFLocationApp.csproj", "{44ECDEAF-963D-4813-99EA-7D431B39C779}"
EndProject
Project("{FAE04EC0-301F-11D3-BF4B-00C04F79EFBC}") = "XFLocationApp.iOS", "iOS\XFLocationApp.iOS.csproj", "{266C7528-3222-44A2-B646-97FB1F199947}"
EndProject
Project("{FAE04EC0-301F-11D3-BF4B-00C04F79EFBC}") = "XFLocationApp.Droid", "Droid\XFLocationApp.Droid.csproj", "{744B205F-341A-42ED-BC00-4348D344DC01}"
EndProject
Global
	GlobalSection(SolutionConfigurationPlatforms) = preSolution
		Debug|Any CPU = Debug|Any CPU
		Release|Any CPU = Release|Any CPU
		Debug|iPhoneSimulator = Debug|iPhoneSimulator
		Release|iPhone = Release|iPhone
		Release|iPhoneSimulator = Release|iPhoneSimulator
		Debug|iPhone = Debug|iPhone
	EndGlobalSection
	GlobalSection(ProjectConfigurationPlatforms) = postSolution
		{44ECDEAF-963D-4813-99EA-7D431B39C779}.Debug|Any CPU.ActiveCfg = Debug|Any CPU
		{44ECDEAF-963D-4813-99EA-7D431B39C779}.Debug|Any CPU.Build.0 = Debug|Any CPU
		{44ECDEAF-963D-4813-99EA-7D431B39C779}.Release|Any CPU.ActiveCfg = Release|Any CPU
		{44ECDEAF-963D-4813-99EA-7D431B39C779}.Release|Any CPU.Build.0 = Release|Any CPU
		{44ECDEAF-963D-4813-99EA-7D431B39C779}.Debug|iPhoneSimulator.ActiveCfg = Debug|Any CPU
		{44ECDEAF-963D-4813-99EA-7D431B39C779}.Debug|iPhoneSimulator.Build.0 = Debug|Any CPU
		{44ECDEAF-963D-4813-99EA-7D431B39C779}.Release|iPhone.ActiveCfg = Release|Any CPU
		{44ECDEAF-963D-4813-99EA-7D431B39C779}.Release|iPhone.Build.0 = Release|Any CPU
		{44ECDEAF-963D-4813-99EA-7D431B39C779}.Release|iPhoneSimulator.ActiveCfg = Release|Any CPU
		{44ECDEAF-963D-4813-99EA-7D431B39C779}.Release|iPhoneSimulator.Build.0 = Release|Any CPU
		{44ECDEAF-963D-4813-99EA-7D431B39C779}.Debug|iPhone.ActiveCfg = Debug|Any CPU
		{44ECDEAF-963D-4813-99EA-7D431B39C779}.Debug|iPhone.Build.0 = Debug|Any CPU
		{266C7528-3222-44A2-B646-97FB1F199947}.Debug|Any CPU.ActiveCfg = Debug|iPhoneSimulator
		{266C7528-3222-44A2-B646-97FB1F199947}.Debug|Any CPU.Build.0 = Debug|iPhoneSimulator
		{266C7528-3222-44A2-B646-97FB1F199947}.Release|Any CPU.ActiveCfg = Release|iPhone
		{266C7528-3222-44A2-B646-97FB1F199947}.Release|Any CPU.Build.0 = Release|iPhone
		{266C7528-3222-44A2-B646-97FB1F199947}.Debug|iPhoneSimulator.ActiveCfg = Debug|iPhoneSimulator
		{266C7528-3222-44A2-B646-97FB1F199947}.Debug|iPhoneSimulator.Build.0 = Debug|iPhoneSimulator
		{266C7528-3222-44A2-B646-97FB1F199947}.Release|iPhone.ActiveCfg = Release|iPhone
		{266C7528-3222-44A2-B646-97FB1F199947}.Release|iPhone.Build.0 = Release|iPhone
		{266C7528-3222-44A2-B646-97FB1F199947}.Release|iPhoneSimulator.ActiveCfg = Release|iPhoneSimulator
		{266C7528-3222-44A2-B646-97FB1F199947}.Release|iPhoneSimulator.Build.0 = Release|iPhoneSimulator
		{266C7528-3222-44A2-B646-97FB1F199947}.Debug|iPhone.ActiveCfg = Debug|iPhone
		{266C7528-3222-44A2-B646-97FB1F199947}.Debug|iPhone.Build.0 = Debug|iPhone
		{744B205F-341A-42ED-BC00-4348D344DC01}.Debug|Any CPU.ActiveCfg = Debug|Any CPU
		{744B205F-341A-42ED-BC00-4348D344DC01}.Debug|Any CPU.Build.0 = Debug|Any CPU
		{744B205F-341A-42ED-BC00-4348D344DC01}.Release|Any CPU.ActiveCfg = Release|Any CPU
		{744B205F-341A-42ED-BC00-4348D344DC01}.Release|Any CPU.Build.0 = Release|Any CPU
		{744B205F-341A-42ED-BC00-4348D344DC01}.Debug|iPhoneSimulator.ActiveCfg = Debug|Any CPU
		{744B205F-341A-42ED-BC00-4348D344DC01}.Debug|iPhoneSimulator.Build.0 = Debug|Any CPU
		{744B205F-341A-42ED-BC00-4348D344DC01}.Release|iPhone.ActiveCfg = Release|Any CPU
		{744B205F-341A-42ED-BC00-4348D344DC01}.Release|iPhone.Build.0 = Release|Any CPU
		{744B205F-341A-42ED-BC00-4348D344DC01}.Release|iPhoneSimulator.ActiveCfg = Release|Any CPU
		{744B205F-341A-42ED-BC00-4348D344DC01}.Release|iPhoneSimulator.Build.0 = Release|Any CPU
		{744B205F-341A-42ED-BC00-4348D344DC01}.Debug|iPhone.ActiveCfg = Debug|Any CPU
		{744B205F-341A-42ED-BC00-4348D344DC01}.Debug|iPhone.Build.0 = Debug|Any CPU
	EndGlobalSection
EndGlobal
